// !$*UTF8*$!
{
	archiveVersion = 1;
	classes = {
	};
	objectVersion = 50;
	objects = {

/* Begin PBXBuildFile section */
		7F16EBDA25EFEF560039C697 /* Google Sign-in in Resources */ = {isa = PBXBuildFile; fileRef = 7F16EBD925EFEF560039C697 /* Google Sign-in */; };
		7F16EBE425EFF3520039C697 /* AboutMeView.swift in Sources */ = {isa = PBXBuildFile; fileRef = 7F16EBE325EFF3520039C697 /* AboutMeView.swift */; };
		7F16EBEC25EFF59E0039C697 /* AppointmentView.swift in Sources */ = {isa = PBXBuildFile; fileRef = 7F16EBEB25EFF59E0039C697 /* AppointmentView.swift */; };
		7F16EC2125F29F0B0039C697 /* TimeStore.swift in Sources */ = {isa = PBXBuildFile; fileRef = 7F16EC2025F29F0B0039C697 /* TimeStore.swift */; };
		7F16EC2F25FA5D6A0039C697 /* BookingView.swift in Sources */ = {isa = PBXBuildFile; fileRef = 7F16EC2E25FA5D6A0039C697 /* BookingView.swift */; };
		7F16EC3325FA60FA0039C697 /* RequestView.swift in Sources */ = {isa = PBXBuildFile; fileRef = 7F16EC3225FA60FA0039C697 /* RequestView.swift */; };
		7F45124125EEC722000AB38B /* AppointmentBookerApp.swift in Sources */ = {isa = PBXBuildFile; fileRef = 7F45124025EEC722000AB38B /* AppointmentBookerApp.swift */; };
		7F45124325EEC722000AB38B /* ContentView.swift in Sources */ = {isa = PBXBuildFile; fileRef = 7F45124225EEC722000AB38B /* ContentView.swift */; };
		7F45124525EEC726000AB38B /* Assets.xcassets in Resources */ = {isa = PBXBuildFile; fileRef = 7F45124425EEC726000AB38B /* Assets.xcassets */; };
		7F45124825EEC726000AB38B /* Preview Assets.xcassets in Resources */ = {isa = PBXBuildFile; fileRef = 7F45124725EEC726000AB38B /* Preview Assets.xcassets */; };
		7F45125725EECC0A000AB38B /* Time.swift in Sources */ = {isa = PBXBuildFile; fileRef = 7F45125625EECC0A000AB38B /* Time.swift */; };
		7F45125F25EECCC9000AB38B /* RowView.swift in Sources */ = {isa = PBXBuildFile; fileRef = 7F45125E25EECCC9000AB38B /* RowView.swift */; };
		7FFACA0B25FFBAEF00A3B8A1 /* RowViewC.swift in Sources */ = {isa = PBXBuildFile; fileRef = 7FFACA0A25FFBAEF00A3B8A1 /* RowViewC.swift */; };
		7FFACA0E25FFBB9100A3B8A1 /* ConfirmView.swift in Sources */ = {isa = PBXBuildFile; fileRef = 7FFACA0D25FFBB9100A3B8A1 /* ConfirmView.swift */; };
		7FFACA2226013AE800A3B8A1 /* StatusView.swift in Sources */ = {isa = PBXBuildFile; fileRef = 7FFACA2126013AE800A3B8A1 /* StatusView.swift */; };
		7FFACA27260263A000A3B8A1 /* ScheduleView.swift in Sources */ = {isa = PBXBuildFile; fileRef = 7FFACA26260263A000A3B8A1 /* ScheduleView.swift */; };
		7FFACA352603894B00A3B8A1 /* Store.swift in Sources */ = {isa = PBXBuildFile; fileRef = 7FFACA342603894B00A3B8A1 /* Store.swift */; };
/* End PBXBuildFile section */

/* Begin PBXFileReference section */
		7F16EBD925EFEF560039C697 /* Google Sign-in */ = {isa = PBXFileReference; lastKnownFileType = folder; path = "Google Sign-in"; sourceTree = "<group>"; };
		7F16EBE325EFF3520039C697 /* AboutMeView.swift */ = {isa = PBXFileReference; lastKnownFileType = sourcecode.swift; path = AboutMeView.swift; sourceTree = "<group>"; };
		7F16EBEB25EFF59E0039C697 /* AppointmentView.swift */ = {isa = PBXFileReference; lastKnownFileType = sourcecode.swift; path = AppointmentView.swift; sourceTree = "<group>"; };
		7F16EC2025F29F0B0039C697 /* TimeStore.swift */ = {isa = PBXFileReference; lastKnownFileType = sourcecode.swift; path = TimeStore.swift; sourceTree = "<group>"; };
		7F16EC2E25FA5D6A0039C697 /* BookingView.swift */ = {isa = PBXFileReference; lastKnownFileType = sourcecode.swift; path = BookingView.swift; sourceTree = "<group>"; };
		7F16EC3225FA60FA0039C697 /* RequestView.swift */ = {isa = PBXFileReference; lastKnownFileType = sourcecode.swift; path = RequestView.swift; sourceTree = "<group>"; };
		7F45123D25EEC722000AB38B /* AppointmentBooker.app */ = {isa = PBXFileReference; explicitFileType = wrapper.application; includeInIndex = 0; path = AppointmentBooker.app; sourceTree = BUILT_PRODUCTS_DIR; };
		7F45124025EEC722000AB38B /* AppointmentBookerApp.swift */ = {isa = PBXFileReference; lastKnownFileType = sourcecode.swift; path = AppointmentBookerApp.swift; sourceTree = "<group>"; };
		7F45124225EEC722000AB38B /* ContentView.swift */ = {isa = PBXFileReference; lastKnownFileType = sourcecode.swift; path = ContentView.swift; sourceTree = "<group>"; };
		7F45124425EEC726000AB38B /* Assets.xcassets */ = {isa = PBXFileReference; lastKnownFileType = folder.assetcatalog; path = Assets.xcassets; sourceTree = "<group>"; };
		7F45124725EEC726000AB38B /* Preview Assets.xcassets */ = {isa = PBXFileReference; lastKnownFileType = folder.assetcatalog; path = "Preview Assets.xcassets"; sourceTree = "<group>"; };
		7F45124925EEC726000AB38B /* Info.plist */ = {isa = PBXFileReference; lastKnownFileType = text.plist.xml; path = Info.plist; sourceTree = "<group>"; };
		7F45125625EECC0A000AB38B /* Time.swift */ = {isa = PBXFileReference; lastKnownFileType = sourcecode.swift; path = Time.swift; sourceTree = "<group>"; };
		7F45125E25EECCC9000AB38B /* RowView.swift */ = {isa = PBXFileReference; lastKnownFileType = sourcecode.swift; path = RowView.swift; sourceTree = "<group>"; };
		7FFACA0A25FFBAEF00A3B8A1 /* RowViewC.swift */ = {isa = PBXFileReference; lastKnownFileType = sourcecode.swift; path = RowViewC.swift; sourceTree = "<group>"; };
		7FFACA0D25FFBB9100A3B8A1 /* ConfirmView.swift */ = {isa = PBXFileReference; lastKnownFileType = sourcecode.swift; path = ConfirmView.swift; sourceTree = "<group>"; };
		7FFACA2126013AE800A3B8A1 /* StatusView.swift */ = {isa = PBXFileReference; lastKnownFileType = sourcecode.swift; path = StatusView.swift; sourceTree = "<group>"; };
		7FFACA26260263A000A3B8A1 /* ScheduleView.swift */ = {isa = PBXFileReference; lastKnownFileType = sourcecode.swift; path = ScheduleView.swift; sourceTree = "<group>"; };
		7FFACA342603894B00A3B8A1 /* Store.swift */ = {isa = PBXFileReference; lastKnownFileType = sourcecode.swift; path = Store.swift; sourceTree = "<group>"; };
/* End PBXFileReference section */

/* Begin PBXFrameworksBuildPhase section */
		7F45123A25EEC722000AB38B /* Frameworks */ = {
			isa = PBXFrameworksBuildPhase;
			buildActionMask = 2147483647;
			files = (
			);
			runOnlyForDeploymentPostprocessing = 0;
		};
/* End PBXFrameworksBuildPhase section */

/* Begin PBXGroup section */
		7F16EBE625EFF3F10039C697 /* Views(Ms.C) */ = {
			isa = PBXGroup;
			children = (
				7FFACA0A25FFBAEF00A3B8A1 /* RowViewC.swift */,
				7F16EBEB25EFF59E0039C697 /* AppointmentView.swift */,
				7FFACA0D25FFBB9100A3B8A1 /* ConfirmView.swift */,
				7FFACA26260263A000A3B8A1 /* ScheduleView.swift */,
			);
			path = "Views(Ms.C)";
			sourceTree = "<group>";
		};
		7F16EC2D25FA5D050039C697 /* Views(Students) */ = {
			isa = PBXGroup;
			children = (
				7F45125E25EECCC9000AB38B /* RowView.swift */,
				7F16EC2E25FA5D6A0039C697 /* BookingView.swift */,
				7F16EC3225FA60FA0039C697 /* RequestView.swift */,
				7FFACA2126013AE800A3B8A1 /* StatusView.swift */,
			);
			path = "Views(Students)";
			sourceTree = "<group>";
		};
		7F45123425EEC722000AB38B = {
			isa = PBXGroup;
			children = (
				7F45123F25EEC722000AB38B /* AppointmentBooker */,
				7F45123E25EEC722000AB38B /* Products */,
			);
			sourceTree = "<group>";
		};
		7F45123E25EEC722000AB38B /* Products */ = {
			isa = PBXGroup;
			children = (
				7F45123D25EEC722000AB38B /* AppointmentBooker.app */,
			);
			name = Products;
			sourceTree = "<group>";
		};
		7F45123F25EEC722000AB38B /* AppointmentBooker */ = {
			isa = PBXGroup;
			children = (
				7F45124025EEC722000AB38B /* AppointmentBookerApp.swift */,
				7F45125125EEC9AD000AB38B /* Models */,
				7F45125025EEC9A8000AB38B /* Views */,
				7F16EC2D25FA5D050039C697 /* Views(Students) */,
				7F16EBE625EFF3F10039C697 /* Views(Ms.C) */,
				7F45124425EEC726000AB38B /* Assets.xcassets */,
				7F16EBD925EFEF560039C697 /* Google Sign-in */,
				7F45124925EEC726000AB38B /* Info.plist */,
				7F45124625EEC726000AB38B /* Preview Content */,
			);
			path = AppointmentBooker;
			sourceTree = "<group>";
		};
		7F45124625EEC726000AB38B /* Preview Content */ = {
			isa = PBXGroup;
			children = (
				7F45124725EEC726000AB38B /* Preview Assets.xcassets */,
			);
			path = "Preview Content";
			sourceTree = "<group>";
		};
		7F45125025EEC9A8000AB38B /* Views */ = {
			isa = PBXGroup;
			children = (
				7F45124225EEC722000AB38B /* ContentView.swift */,
				7F16EBE325EFF3520039C697 /* AboutMeView.swift */,
			);
			path = Views;
			sourceTree = "<group>";
		};
		7F45125125EEC9AD000AB38B /* Models */ = {
			isa = PBXGroup;
			children = (
				7FFACA342603894B00A3B8A1 /* Store.swift */,
				7F16EC2025F29F0B0039C697 /* TimeStore.swift */,
				7F45125625EECC0A000AB38B /* Time.swift */,
			);
			path = Models;
			sourceTree = "<group>";
		};
/* End PBXGroup section */

/* Begin PBXNativeTarget section */
		7F45123C25EEC722000AB38B /* AppointmentBooker */ = {
			isa = PBXNativeTarget;
			buildConfigurationList = 7F45124C25EEC727000AB38B /* Build configuration list for PBXNativeTarget "AppointmentBooker" */;
			buildPhases = (
				7F45123925EEC722000AB38B /* Sources */,
				7F45123A25EEC722000AB38B /* Frameworks */,
				7F45123B25EEC722000AB38B /* Resources */,
			);
			buildRules = (
			);
			dependencies = (
			);
			name = AppointmentBooker;
			productName = AppointmentBooker;
			productReference = 7F45123D25EEC722000AB38B /* AppointmentBooker.app */;
			productType = "com.apple.product-type.application";
		};
/* End PBXNativeTarget section */

/* Begin PBXProject section */
		7F45123525EEC722000AB38B /* Project object */ = {
			isa = PBXProject;
			attributes = {
				LastSwiftUpdateCheck = 1240;
				LastUpgradeCheck = 1240;
				TargetAttributes = {
					7F45123C25EEC722000AB38B = {
						CreatedOnToolsVersion = 12.4;
					};
				};
			};
			buildConfigurationList = 7F45123825EEC722000AB38B /* Build configuration list for PBXProject "AppointmentBooker" */;
			compatibilityVersion = "Xcode 9.3";
			developmentRegion = en;
			hasScannedForEncodings = 0;
			knownRegions = (
				en,
				Base,
			);
			mainGroup = 7F45123425EEC722000AB38B;
			productRefGroup = 7F45123E25EEC722000AB38B /* Products */;
			projectDirPath = "";
			projectRoot = "";
			targets = (
				7F45123C25EEC722000AB38B /* AppointmentBooker */,
			);
		};
/* End PBXProject section */

/* Begin PBXResourcesBuildPhase section */
		7F45123B25EEC722000AB38B /* Resources */ = {
			isa = PBXResourcesBuildPhase;
			buildActionMask = 2147483647;
			files = (
				7F45124825EEC726000AB38B /* Preview Assets.xcassets in Resources */,
				7F45124525EEC726000AB38B /* Assets.xcassets in Resources */,
				7F16EBDA25EFEF560039C697 /* Google Sign-in in Resources */,
			);
			runOnlyForDeploymentPostprocessing = 0;
		};
/* End PBXResourcesBuildPhase section */

/* Begin PBXSourcesBuildPhase section */
		7F45123925EEC722000AB38B /* Sources */ = {
			isa = PBXSourcesBuildPhase;
			buildActionMask = 2147483647;
			files = (
				7F16EBEC25EFF59E0039C697 /* AppointmentView.swift in Sources */,
				7F45125725EECC0A000AB38B /* Time.swift in Sources */,
				7FFACA352603894B00A3B8A1 /* Store.swift in Sources */,
				7F16EC2125F29F0B0039C697 /* TimeStore.swift in Sources */,
				7FFACA2226013AE800A3B8A1 /* StatusView.swift in Sources */,
				7FFACA27260263A000A3B8A1 /* ScheduleView.swift in Sources */,
				7F45125F25EECCC9000AB38B /* RowView.swift in Sources */,
				7F16EC2F25FA5D6A0039C697 /* BookingView.swift in Sources */,
				7FFACA0E25FFBB9100A3B8A1 /* ConfirmView.swift in Sources */,
				7F45124325EEC722000AB38B /* ContentView.swift in Sources */,
				7F16EBE425EFF3520039C697 /* AboutMeView.swift in Sources */,
				7FFACA0B25FFBAEF00A3B8A1 /* RowViewC.swift in Sources */,
				7F16EC3325FA60FA0039C697 /* RequestView.swift in Sources */,
				7F45124125EEC722000AB38B /* AppointmentBookerApp.swift in Sources */,
			);
			runOnlyForDeploymentPostprocessing = 0;
		};
/* End PBXSourcesBuildPhase section */

/* Begin XCBuildConfiguration section */
		7F45124A25EEC727000AB38B /* Debug */ = {
			isa = XCBuildConfiguration;
			buildSettings = {
				ALWAYS_SEARCH_USER_PATHS = NO;
				CLANG_ANALYZER_NONNULL = YES;
				CLANG_ANALYZER_NUMBER_OBJECT_CONVERSION = YES_AGGRESSIVE;
				CLANG_CXX_LANGUAGE_STANDARD = "gnu++14";
				CLANG_CXX_LIBRARY = "libc++";
				CLANG_ENABLE_MODULES = YES;
				CLANG_ENABLE_OBJC_ARC = YES;
				CLANG_ENABLE_OBJC_WEAK = YES;
				CLANG_WARN_BLOCK_CAPTURE_AUTORELEASING = YES;
				CLANG_WARN_BOOL_CONVERSION = YES;
				CLANG_WARN_COMMA = YES;
				CLANG_WARN_CONSTANT_CONVERSION = YES;
				CLANG_WARN_DEPRECATED_OBJC_IMPLEMENTATIONS = YES;
				CLANG_WARN_DIRECT_OBJC_ISA_USAGE = YES_ERROR;
				CLANG_WARN_DOCUMENTATION_COMMENTS = YES;
				CLANG_WARN_EMPTY_BODY = YES;
				CLANG_WARN_ENUM_CONVERSION = YES;
				CLANG_WARN_INFINITE_RECURSION = YES;
				CLANG_WARN_INT_CONVERSION = YES;
				CLANG_WARN_NON_LITERAL_NULL_CONVERSION = YES;
				CLANG_WARN_OBJC_IMPLICIT_RETAIN_SELF = YES;
				CLANG_WARN_OBJC_LITERAL_CONVERSION = YES;
				CLANG_WARN_OBJC_ROOT_CLASS = YES_ERROR;
				CLANG_WARN_QUOTED_INCLUDE_IN_FRAMEWORK_HEADER = YES;
				CLANG_WARN_RANGE_LOOP_ANALYSIS = YES;
				CLANG_WARN_STRICT_PROTOTYPES = YES;
				CLANG_WARN_SUSPICIOUS_MOVE = YES;
				CLANG_WARN_UNGUARDED_AVAILABILITY = YES_AGGRESSIVE;
				CLANG_WARN_UNREACHABLE_CODE = YES;
				CLANG_WARN__DUPLICATE_METHOD_MATCH = YES;
				COPY_PHASE_STRIP = NO;
				DEBUG_INFORMATION_FORMAT = dwarf;
				ENABLE_STRICT_OBJC_MSGSEND = YES;
				ENABLE_TESTABILITY = YES;
				GCC_C_LANGUAGE_STANDARD = gnu11;
				GCC_DYNAMIC_NO_PIC = NO;
				GCC_NO_COMMON_BLOCKS = YES;
				GCC_OPTIMIZATION_LEVEL = 0;
				GCC_PREPROCESSOR_DEFINITIONS = (
					"DEBUG=1",
					"$(inherited)",
				);
				GCC_WARN_64_TO_32_BIT_CONVERSION = YES;
				GCC_WARN_ABOUT_RETURN_TYPE = YES_ERROR;
				GCC_WARN_UNDECLARED_SELECTOR = YES;
				GCC_WARN_UNINITIALIZED_AUTOS = YES_AGGRESSIVE;
				GCC_WARN_UNUSED_FUNCTION = YES;
				GCC_WARN_UNUSED_VARIABLE = YES;
				IPHONEOS_DEPLOYMENT_TARGET = 14.4;
				MTL_ENABLE_DEBUG_INFO = INCLUDE_SOURCE;
				MTL_FAST_MATH = YES;
				ONLY_ACTIVE_ARCH = YES;
				SDKROOT = iphoneos;
				SWIFT_ACTIVE_COMPILATION_CONDITIONS = DEBUG;
				SWIFT_OPTIMIZATION_LEVEL = "-Onone";
			};
			name = Debug;
		};
		7F45124B25EEC727000AB38B /* Release */ = {
			isa = XCBuildConfiguration;
			buildSettings = {
				ALWAYS_SEARCH_USER_PATHS = NO;
				CLANG_ANALYZER_NONNULL = YES;
				CLANG_ANALYZER_NUMBER_OBJECT_CONVERSION = YES_AGGRESSIVE;
				CLANG_CXX_LANGUAGE_STANDARD = "gnu++14";
				CLANG_CXX_LIBRARY = "libc++";
				CLANG_ENABLE_MODULES = YES;
				CLANG_ENABLE_OBJC_ARC = YES;
				CLANG_ENABLE_OBJC_WEAK = YES;
				CLANG_WARN_BLOCK_CAPTURE_AUTORELEASING = YES;
				CLANG_WARN_BOOL_CONVERSION = YES;
				CLANG_WARN_COMMA = YES;
				CLANG_WARN_CONSTANT_CONVERSION = YES;
				CLANG_WARN_DEPRECATED_OBJC_IMPLEMENTATIONS = YES;
				CLANG_WARN_DIRECT_OBJC_ISA_USAGE = YES_ERROR;
				CLANG_WARN_DOCUMENTATION_COMMENTS = YES;
				CLANG_WARN_EMPTY_BODY = YES;
				CLANG_WARN_ENUM_CONVERSION = YES;
				CLANG_WARN_INFINITE_RECURSION = YES;
				CLANG_WARN_INT_CONVERSION = YES;
				CLANG_WARN_NON_LITERAL_NULL_CONVERSION = YES;
				CLANG_WARN_OBJC_IMPLICIT_RETAIN_SELF = YES;
				CLANG_WARN_OBJC_LITERAL_CONVERSION = YES;
				CLANG_WARN_OBJC_ROOT_CLASS = YES_ERROR;
				CLANG_WARN_QUOTED_INCLUDE_IN_FRAMEWORK_HEADER = YES;
				CLANG_WARN_RANGE_LOOP_ANALYSIS = YES;
				CLANG_WARN_STRICT_PROTOTYPES = YES;
				CLANG_WARN_SUSPICIOUS_MOVE = YES;
				CLANG_WARN_UNGUARDED_AVAILABILITY = YES_AGGRESSIVE;
				CLANG_WARN_UNREACHABLE_CODE = YES;
				CLANG_WARN__DUPLICATE_METHOD_MATCH = YES;
				COPY_PHASE_STRIP = NO;
				DEBUG_INFORMATION_FORMAT = "dwarf-with-dsym";
				ENABLE_NS_ASSERTIONS = NO;
				ENABLE_STRICT_OBJC_MSGSEND = YES;
				GCC_C_LANGUAGE_STANDARD = gnu11;
				GCC_NO_COMMON_BLOCKS = YES;
				GCC_WARN_64_TO_32_BIT_CONVERSION = YES;
				GCC_WARN_ABOUT_RETURN_TYPE = YES_ERROR;
				GCC_WARN_UNDECLARED_SELECTOR = YES;
				GCC_WARN_UNINITIALIZED_AUTOS = YES_AGGRESSIVE;
				GCC_WARN_UNUSED_FUNCTION = YES;
				GCC_WARN_UNUSED_VARIABLE = YES;
				IPHONEOS_DEPLOYMENT_TARGET = 14.4;
				MTL_ENABLE_DEBUG_INFO = NO;
				MTL_FAST_MATH = YES;
				SDKROOT = iphoneos;
				SWIFT_COMPILATION_MODE = wholemodule;
				SWIFT_OPTIMIZATION_LEVEL = "-O";
				VALIDATE_PRODUCT = YES;
			};
			name = Release;
		};
		7F45124D25EEC727000AB38B /* Debug */ = {
			isa = XCBuildConfiguration;
			buildSettings = {
				ASSETCATALOG_COMPILER_APPICON_NAME = AppIcon;
				ASSETCATALOG_COMPILER_GLOBAL_ACCENT_COLOR_NAME = AccentColor;
				CODE_SIGN_STYLE = Automatic;
				DEVELOPMENT_ASSET_PATHS = "\"AppointmentBooker/Preview Content\"";
				DEVELOPMENT_TEAM = 24S956KH53;
				ENABLE_PREVIEWS = YES;
				INFOPLIST_FILE = AppointmentBooker/Info.plist;
				IPHONEOS_DEPLOYMENT_TARGET = 14.0;
				LD_RUNPATH_SEARCH_PATHS = (
					"$(inherited)",
					"@executable_path/Frameworks",
				);
				PRODUCT_BUNDLE_IDENTIFIER = ca.yeseokim.AppointmentBooker;
				PRODUCT_NAME = "$(TARGET_NAME)";
				SWIFT_VERSION = 5.0;
				TARGETED_DEVICE_FAMILY = "1,2";
			};
			name = Debug;
		};
		7F45124E25EEC727000AB38B /* Release */ = {
			isa = XCBuildConfiguration;
			buildSettings = {
				ASSETCATALOG_COMPILER_APPICON_NAME = AppIcon;
				ASSETCATALOG_COMPILER_GLOBAL_ACCENT_COLOR_NAME = AccentColor;
				CODE_SIGN_STYLE = Automatic;
				DEVELOPMENT_ASSET_PATHS = "\"AppointmentBooker/Preview Content\"";
				DEVELOPMENT_TEAM = 24S956KH53;
				ENABLE_PREVIEWS = YES;
				INFOPLIST_FILE = AppointmentBooker/Info.plist;
				IPHONEOS_DEPLOYMENT_TARGET = 14.0;
				LD_RUNPATH_SEARCH_PATHS = (
					"$(inherited)",
					"@executable_path/Frameworks",
				);
				PRODUCT_BUNDLE_IDENTIFIER = ca.yeseokim.AppointmentBooker;
				PRODUCT_NAME = "$(TARGET_NAME)";
				SWIFT_VERSION = 5.0;
				TARGETED_DEVICE_FAMILY = "1,2";
			};
			name = Release;
		};
/* End XCBuildConfiguration section */

/* Begin XCConfigurationList section */
		7F45123825EEC722000AB38B /* Build configuration list for PBXProject "AppointmentBooker" */ = {
			isa = XCConfigurationList;
			buildConfigurations = (
				7F45124A25EEC727000AB38B /* Debug */,
				7F45124B25EEC727000AB38B /* Release */,
			);
			defaultConfigurationIsVisible = 0;
			defaultConfigurationName = Release;
		};
		7F45124C25EEC727000AB38B /* Build configuration list for PBXNativeTarget "AppointmentBooker" */ = {
			isa = XCConfigurationList;
			buildConfigurations = (
				7F45124D25EEC727000AB38B /* Debug */,
				7F45124E25EEC727000AB38B /* Release */,
			);
			defaultConfigurationIsVisible = 0;
			defaultConfigurationName = Release;
		};
/* End XCConfigurationList section */
	};
	rootObject = 7F45123525EEC722000AB38B /* Project object */;
}
